
Microsoft Visual Studio Solution File, Format Version 12.00
# Visual Studio Version 17
VisualStudioVersion = 17.3.32929.385
MinimumVisualStudioVersion = 10.0.40219.1
Project("{9A19103F-16F7-4668-BE54-9A1E7A4F7556}") = "ApiGateway", "ApiGateway\ApiGateway.csproj", "{2DD58BD9-D04A-4654-A683-935C3E2155DE}"
EndProject
Project("{9A19103F-16F7-4668-BE54-9A1E7A4F7556}") = "JwtAuthenticationManager", "JwtAuthenticationManager\JwtAuthenticationManager.csproj", "{DB626574-222A-427C-B543-5CCE1B766881}"
EndProject
Global
	GlobalSection(SolutionConfigurationPlatforms) = preSolution
		Debug|Any CPU = Debug|Any CPU
		Release|Any CPU = Release|Any CPU
	EndGlobalSection
	GlobalSection(ProjectConfigurationPlatforms) = postSolution
		{2DD58BD9-D04A-4654-A683-935C3E2155DE}.Debug|Any CPU.ActiveCfg = Debug|Any CPU
		{2DD58BD9-D04A-4654-A683-935C3E2155DE}.Debug|Any CPU.Build.0 = Debug|Any CPU
		{2DD58BD9-D04A-4654-A683-935C3E2155DE}.Release|Any CPU.ActiveCfg = Release|Any CPU
		{2DD58BD9-D04A-4654-A683-935C3E2155DE}.Release|Any CPU.Build.0 = Release|Any CPU
		{DB626574-222A-427C-B543-5CCE1B766881}.Debug|Any CPU.ActiveCfg = Debug|Any CPU
		{DB626574-222A-427C-B543-5CCE1B766881}.Debug|Any CPU.Build.0 = Debug|Any CPU
		{DB626574-222A-427C-B543-5CCE1B766881}.Release|Any CPU.ActiveCfg = Release|Any CPU
		{DB626574-222A-427C-B543-5CCE1B766881}.Release|Any CPU.Build.0 = Release|Any CPU
	EndGlobalSection
	GlobalSection(SolutionProperties) = preSolution
		HideSolutionNode = FALSE
	EndGlobalSection
	GlobalSection(ExtensibilityGlobals) = postSolution
		SolutionGuid = {B4E07E2F-D173-4436-9436-A19A986B63FD}
	EndGlobalSection
EndGlobal
